
Microsoft Visual Studio Solution File, Format Version 12.00
# Visual Studio Version 16
VisualStudioVersion = 16.0.30717.126
MinimumVisualStudioVersion = 10.0.40219.1
Project("{9A19103F-16F7-4668-BE54-9A1E7A4F7556}") = "Offers", "Offers\Offers.csproj", "{4E27F2DB-D3F2-4075-BBE4-139FCF36CEB3}"
EndProject
Project("{9A19103F-16F7-4668-BE54-9A1E7A4F7556}") = "Authentication", "Authentication\Authentication.csproj", "{B64DB492-BA6B-4ACD-A714-722BEB369CC9}"
EndProject
Project("{9A19103F-16F7-4668-BE54-9A1E7A4F7556}") = "TestStub", "TestStub\TestStub.csproj", "{01A7D063-19DA-443D-98A1-A230401FB5D9}"
EndProject
Project("{9A19103F-16F7-4668-BE54-9A1E7A4F7556}") = "UpgradeEngine", "UpgradeEngine\UpgradeEngine.csproj", "{C5651A8C-AF29-496A-9F4B-E74CA2F23BD6}"
EndProject
Project("{9A19103F-16F7-4668-BE54-9A1E7A4F7556}") = "TestProject1", "TestProject1\TestProject1.csproj", "{65298899-59A7-40CD-BF44-905E69C69659}"
EndProject
Global
	GlobalSection(SolutionConfigurationPlatforms) = preSolution
		Debug|Any CPU = Debug|Any CPU
		Release|Any CPU = Release|Any CPU
	EndGlobalSection
	GlobalSection(ProjectConfigurationPlatforms) = postSolution
		{4E27F2DB-D3F2-4075-BBE4-139FCF36CEB3}.Debug|Any CPU.ActiveCfg = Debug|Any CPU
		{4E27F2DB-D3F2-4075-BBE4-139FCF36CEB3}.Debug|Any CPU.Build.0 = Debug|Any CPU
		{4E27F2DB-D3F2-4075-BBE4-139FCF36CEB3}.Release|Any CPU.ActiveCfg = Release|Any CPU
		{4E27F2DB-D3F2-4075-BBE4-139FCF36CEB3}.Release|Any CPU.Build.0 = Release|Any CPU
		{B64DB492-BA6B-4ACD-A714-722BEB369CC9}.Debug|Any CPU.ActiveCfg = Debug|Any CPU
		{B64DB492-BA6B-4ACD-A714-722BEB369CC9}.Debug|Any CPU.Build.0 = Debug|Any CPU
		{B64DB492-BA6B-4ACD-A714-722BEB369CC9}.Release|Any CPU.ActiveCfg = Release|Any CPU
		{B64DB492-BA6B-4ACD-A714-722BEB369CC9}.Release|Any CPU.Build.0 = Release|Any CPU
		{01A7D063-19DA-443D-98A1-A230401FB5D9}.Debug|Any CPU.ActiveCfg = Debug|Any CPU
		{01A7D063-19DA-443D-98A1-A230401FB5D9}.Debug|Any CPU.Build.0 = Debug|Any CPU
		{01A7D063-19DA-443D-98A1-A230401FB5D9}.Release|Any CPU.ActiveCfg = Release|Any CPU
		{01A7D063-19DA-443D-98A1-A230401FB5D9}.Release|Any CPU.Build.0 = Release|Any CPU
		{C5651A8C-AF29-496A-9F4B-E74CA2F23BD6}.Debug|Any CPU.ActiveCfg = Debug|Any CPU
		{C5651A8C-AF29-496A-9F4B-E74CA2F23BD6}.Debug|Any CPU.Build.0 = Debug|Any CPU
		{C5651A8C-AF29-496A-9F4B-E74CA2F23BD6}.Release|Any CPU.ActiveCfg = Release|Any CPU
		{C5651A8C-AF29-496A-9F4B-E74CA2F23BD6}.Release|Any CPU.Build.0 = Release|Any CPU
		{65298899-59A7-40CD-BF44-905E69C69659}.Debug|Any CPU.ActiveCfg = Debug|Any CPU
		{65298899-59A7-40CD-BF44-905E69C69659}.Debug|Any CPU.Build.0 = Debug|Any CPU
		{65298899-59A7-40CD-BF44-905E69C69659}.Release|Any CPU.ActiveCfg = Release|Any CPU
		{65298899-59A7-40CD-BF44-905E69C69659}.Release|Any CPU.Build.0 = Release|Any CPU
	EndGlobalSection
	GlobalSection(SolutionProperties) = preSolution
		HideSolutionNode = FALSE
	EndGlobalSection
	GlobalSection(ExtensibilityGlobals) = postSolution
		SolutionGuid = {92D637E8-86B6-47E6-8ADF-02CF79948ACA}
	EndGlobalSection
EndGlobal
